
Microsoft Visual Studio Solution File, Format Version 12.00
# Visual Studio 15
Project("{FAE04EC0-301F-11D3-BF4B-00C04F79EFBC}") = "NewFlipBook", "NewFlipBook.csproj", "{B94620B9-825B-715F-3945-5B328F062092}"
EndProject
Project("{FAE04EC0-301F-11D3-BF4B-00C04F79EFBC}") = "NewFlipBook.Editor", "NewFlipBook.Editor.csproj", "{FC3EEF08-9339-BC25-CBF9-D46CFA594A00}"
EndProject
Global
	GlobalSection(SolutionConfigurationPlatforms) = preSolution
		Debug|Any CPU = Debug|Any CPU
		Release|Any CPU = Release|Any CPU
	EndGlobalSection
	GlobalSection(ProjectConfigurationPlatforms) = postSolution
		{B94620B9-825B-715F-3945-5B328F062092}.Debug|Any CPU.ActiveCfg = Debug|Any CPU
		{B94620B9-825B-715F-3945-5B328F062092}.Debug|Any CPU.Build.0 = Debug|Any CPU
		{B94620B9-825B-715F-3945-5B328F062092}.Release|Any CPU.ActiveCfg = Release|Any CPU
		{B94620B9-825B-715F-3945-5B328F062092}.Release|Any CPU.Build.0 = Release|Any CPU
		{FC3EEF08-9339-BC25-CBF9-D46CFA594A00}.Debug|Any CPU.ActiveCfg = Debug|Any CPU
		{FC3EEF08-9339-BC25-CBF9-D46CFA594A00}.Debug|Any CPU.Build.0 = Debug|Any CPU
		{FC3EEF08-9339-BC25-CBF9-D46CFA594A00}.Release|Any CPU.ActiveCfg = Release|Any CPU
		{FC3EEF08-9339-BC25-CBF9-D46CFA594A00}.Release|Any CPU.Build.0 = Release|Any CPU
	EndGlobalSection
	GlobalSection(SolutionProperties) = preSolution
		HideSolutionNode = FALSE
	EndGlobalSection
EndGlobal
